{
  "name": "responsive_portfolio",
  "lockfileVersion": 3,
  "requires": true,
  "packages": {
    "": {
      "dependencies": {
        "poppins": "^0.1.1"
      }
    },
    "node_modules/poppins": {
      "version": "0.1.1",
      "resolved": "https://registry.npmjs.org/poppins/-/poppins-0.1.1.tgz",
      "integrity": "sha512-Vs2G0n9bU81uzLdKWVhklVGWZnnq5bKxMvCGRargLpPiw0QKNr/eCdwzCY2VuoQyDqwf612PN3BgVuSFgP3ZsQ==",
      "license": "MIT",
      "dependencies": {
        "shallow-copy": "0.0.1"
      }
    },
    "node_modules/shallow-copy": {
      "version": "0.0.1",
      "resolved": "https://registry.npmjs.org/shallow-copy/-/shallow-copy-0.0.1.tgz",
      "integrity": "sha512-b6i4ZpVuUxB9h5gfCxPiusKYkqTMOjEbBs4wMaFbkfia4yFv92UKZ6Df8WXcKbn08JNL/abvg3FnMAOfakDvUw==",
      "license": "MIT"
    }
  }
}
